
Microsoft Visual Studio Solution File, Format Version 12.00
# Visual Studio Version 17
VisualStudioVersion = 17.11.35222.181
MinimumVisualStudioVersion = 10.0.40219.1
Project("{FAE04EC0-301F-11D3-BF4B-00C04F79EFBC}") = "ASPMVCTypescript", "ASPMVCTypescript.csproj", "{061C813C-EEC0-45C2-BB51-B5A7FE5E9EF0}"
EndProject
Global
	GlobalSection(SolutionConfigurationPlatforms) = preSolution
		Debug|Any CPU = Debug|Any CPU
		Release|Any CPU = Release|Any CPU
	EndGlobalSection
	GlobalSection(ProjectConfigurationPlatforms) = postSolution
		{061C813C-EEC0-45C2-BB51-B5A7FE5E9EF0}.Debug|Any CPU.ActiveCfg = Debug|Any CPU
		{061C813C-EEC0-45C2-BB51-B5A7FE5E9EF0}.Debug|Any CPU.Build.0 = Debug|Any CPU
		{061C813C-EEC0-45C2-BB51-B5A7FE5E9EF0}.Release|Any CPU.ActiveCfg = Release|Any CPU
		{061C813C-EEC0-45C2-BB51-B5A7FE5E9EF0}.Release|Any CPU.Build.0 = Release|Any CPU
	EndGlobalSection
	GlobalSection(SolutionProperties) = preSolution
		HideSolutionNode = FALSE
	EndGlobalSection
	GlobalSection(ExtensibilityGlobals) = postSolution
		SolutionGuid = {8FE59402-1EB1-489F-84C2-5E3B6F8CEB7E}
	EndGlobalSection
EndGlobal
